
Microsoft Visual Studio Solution File, Format Version 12.00
# Visual Studio Version 17
VisualStudioVersion = 17.0.31903.59
MinimumVisualStudioVersion = 10.0.40219.1
Project("{FAE04EC0-301F-11D3-BF4B-00C04F79EFBC}") = "Tuna.Revit.Extension", "Tuna.Revit.Extension.csproj", "{B40CB28E-8890-4294-936E-FD22E4FCE7F2}"
EndProject
Global
	GlobalSection(SolutionConfigurationPlatforms) = preSolution
		Debug|Any CPU = Debug|Any CPU
		Release|Any CPU = Release|Any CPU
	EndGlobalSection
	GlobalSection(ProjectConfigurationPlatforms) = postSolution
		{B40CB28E-8890-4294-936E-FD22E4FCE7F2}.Debug|Any CPU.ActiveCfg = Debug|Any CPU
		{B40CB28E-8890-4294-936E-FD22E4FCE7F2}.Debug|Any CPU.Build.0 = Debug|Any CPU
		{B40CB28E-8890-4294-936E-FD22E4FCE7F2}.Release|Any CPU.ActiveCfg = Release|Any CPU
		{B40CB28E-8890-4294-936E-FD22E4FCE7F2}.Release|Any CPU.Build.0 = Release|Any CPU
	EndGlobalSection
	GlobalSection(SolutionProperties) = preSolution
		HideSolutionNode = FALSE
	EndGlobalSection
	GlobalSection(ExtensibilityGlobals) = postSolution
		SolutionGuid = {0F3E44F7-9014-4012-85FD-37E211988994}
	EndGlobalSection
EndGlobal
